
Microsoft Visual Studio Solution File, Format Version 12.00
# Visual Studio Version 17
VisualStudioVersion = 17.7.34003.232
MinimumVisualStudioVersion = 10.0.40219.1
Project("{9A19103F-16F7-4668-BE54-9A1E7A4F7556}") = "Fiap.TasteEase.Api", "src\Adapter\Fiap.TasteEase.Api\Fiap.TasteEase.Api.csproj", "{08A6FD95-DAA4-4DE5-94EC-9E0D60350420}"
EndProject
Project("{2150E333-8FDC-42A3-9474-1A3956D46DE8}") = "src", "src", "{262A38F4-C949-47A9-AD74-29E98E02F23A}"
EndProject
Project("{2150E333-8FDC-42A3-9474-1A3956D46DE8}") = "tests", "tests", "{F5D343D7-5AA4-42A2-9E2D-0772D91B35DB}"
EndProject
Project("{2150E333-8FDC-42A3-9474-1A3956D46DE8}") = "Adapter", "Adapter", "{99F15BE3-15C9-4CEE-A4E3-868B5A99B4D7}"
EndProject
Project("{2150E333-8FDC-42A3-9474-1A3956D46DE8}") = "Driven", "Driven", "{4A7059E1-A6E5-4A85-BEBC-04670D42447A}"
EndProject
Project("{2150E333-8FDC-42A3-9474-1A3956D46DE8}") = "Driver", "Driver", "{E90DDD79-4732-460D-92A3-92AF6E714BD3}"
EndProject
Project("{2150E333-8FDC-42A3-9474-1A3956D46DE8}") = "Core", "Core", "{97298663-C0A8-4EBD-9631-A36A52C88D15}"
EndProject
Project("{FAE04EC0-301F-11D3-BF4B-00C04F79EFBC}") = "Fiap.TasteEase.Application", "src\Core\Fiap.TasteEase.Application\Fiap.TasteEase.Application.csproj", "{82D7A1AC-5B19-4EDE-96CE-20CE0CEBB978}"
EndProject
Project("{FAE04EC0-301F-11D3-BF4B-00C04F79EFBC}") = "Fiap.TasteEase.Domain", "src\Core\Fiap.TasteEase.Domain\Fiap.TasteEase.Domain.csproj", "{87111FBB-06E5-41A9-A132-695E83BE264C}"
EndProject
Project("{FAE04EC0-301F-11D3-BF4B-00C04F79EFBC}") = "Fiap.TasteEase.Domain.Tests", "tests\Fiap.TasteEase.Domain.Tests\Fiap.TasteEase.Domain.Tests.csproj", "{C60DD8FB-6CDA-4C2D-BA83-A6CE67977C13}"
EndProject
Project("{FAE04EC0-301F-11D3-BF4B-00C04F79EFBC}") = "Fiap.TasteEase.Infra", "src\Adapter\Fiap.TasteEase.Infra\Fiap.TasteEase.Infra.csproj", "{19587323-9708-42E4-894F-67B72DC15160}"
EndProject
Global
	GlobalSection(SolutionConfigurationPlatforms) = preSolution
		Debug|Any CPU = Debug|Any CPU
		Release|Any CPU = Release|Any CPU
	EndGlobalSection
	GlobalSection(ProjectConfigurationPlatforms) = postSolution
		{08A6FD95-DAA4-4DE5-94EC-9E0D60350420}.Debug|Any CPU.ActiveCfg = Debug|Any CPU
		{08A6FD95-DAA4-4DE5-94EC-9E0D60350420}.Debug|Any CPU.Build.0 = Debug|Any CPU
		{08A6FD95-DAA4-4DE5-94EC-9E0D60350420}.Release|Any CPU.ActiveCfg = Release|Any CPU
		{08A6FD95-DAA4-4DE5-94EC-9E0D60350420}.Release|Any CPU.Build.0 = Release|Any CPU
		{82D7A1AC-5B19-4EDE-96CE-20CE0CEBB978}.Debug|Any CPU.ActiveCfg = Debug|Any CPU
		{82D7A1AC-5B19-4EDE-96CE-20CE0CEBB978}.Debug|Any CPU.Build.0 = Debug|Any CPU
		{82D7A1AC-5B19-4EDE-96CE-20CE0CEBB978}.Release|Any CPU.ActiveCfg = Release|Any CPU
		{82D7A1AC-5B19-4EDE-96CE-20CE0CEBB978}.Release|Any CPU.Build.0 = Release|Any CPU
		{87111FBB-06E5-41A9-A132-695E83BE264C}.Debug|Any CPU.ActiveCfg = Debug|Any CPU
		{87111FBB-06E5-41A9-A132-695E83BE264C}.Debug|Any CPU.Build.0 = Debug|Any CPU
		{87111FBB-06E5-41A9-A132-695E83BE264C}.Release|Any CPU.ActiveCfg = Release|Any CPU
		{87111FBB-06E5-41A9-A132-695E83BE264C}.Release|Any CPU.Build.0 = Release|Any CPU
		{C60DD8FB-6CDA-4C2D-BA83-A6CE67977C13}.Debug|Any CPU.ActiveCfg = Debug|Any CPU
		{C60DD8FB-6CDA-4C2D-BA83-A6CE67977C13}.Debug|Any CPU.Build.0 = Debug|Any CPU
		{C60DD8FB-6CDA-4C2D-BA83-A6CE67977C13}.Release|Any CPU.ActiveCfg = Release|Any CPU
		{C60DD8FB-6CDA-4C2D-BA83-A6CE67977C13}.Release|Any CPU.Build.0 = Release|Any CPU
		{19587323-9708-42E4-894F-67B72DC15160}.Debug|Any CPU.ActiveCfg = Debug|Any CPU
		{19587323-9708-42E4-894F-67B72DC15160}.Debug|Any CPU.Build.0 = Debug|Any CPU
		{19587323-9708-42E4-894F-67B72DC15160}.Release|Any CPU.ActiveCfg = Release|Any CPU
		{19587323-9708-42E4-894F-67B72DC15160}.Release|Any CPU.Build.0 = Release|Any CPU
	EndGlobalSection
	GlobalSection(SolutionProperties) = preSolution
		HideSolutionNode = FALSE
	EndGlobalSection
	GlobalSection(NestedProjects) = preSolution
		{08A6FD95-DAA4-4DE5-94EC-9E0D60350420} = {E90DDD79-4732-460D-92A3-92AF6E714BD3}
		{99F15BE3-15C9-4CEE-A4E3-868B5A99B4D7} = {262A38F4-C949-47A9-AD74-29E98E02F23A}
		{4A7059E1-A6E5-4A85-BEBC-04670D42447A} = {99F15BE3-15C9-4CEE-A4E3-868B5A99B4D7}
		{E90DDD79-4732-460D-92A3-92AF6E714BD3} = {99F15BE3-15C9-4CEE-A4E3-868B5A99B4D7}
		{97298663-C0A8-4EBD-9631-A36A52C88D15} = {262A38F4-C949-47A9-AD74-29E98E02F23A}
		{82D7A1AC-5B19-4EDE-96CE-20CE0CEBB978} = {97298663-C0A8-4EBD-9631-A36A52C88D15}
		{87111FBB-06E5-41A9-A132-695E83BE264C} = {97298663-C0A8-4EBD-9631-A36A52C88D15}
		{C60DD8FB-6CDA-4C2D-BA83-A6CE67977C13} = {F5D343D7-5AA4-42A2-9E2D-0772D91B35DB}
		{19587323-9708-42E4-894F-67B72DC15160} = {4A7059E1-A6E5-4A85-BEBC-04670D42447A}
	EndGlobalSection
	GlobalSection(ExtensibilityGlobals) = postSolution
		SolutionGuid = {7D7BD128-797A-4BAF-837D-B4A7AF460DE9}
	EndGlobalSection
EndGlobal
